
Microsoft Visual Studio Solution File, Format Version 12.00
# Visual Studio Version 17
VisualStudioVersion = 17.7.34202.233
MinimumVisualStudioVersion = 10.0.40219.1
Project("{9A19103F-16F7-4668-BE54-9A1E7A4F7556}") = "HotelSOL_APP", "HotelSOL_APP.csproj", "{80BBD0C2-08E5-4299-8569-3E89EA032676}"
EndProject
Project("{FAE04EC0-301F-11D3-BF4B-00C04F79EFBC}") = "Controlador", "..\Controlador\Controlador.csproj", "{E25BA8B3-0584-4A15-81BC-6738B14F9323}"
EndProject
Project("{FAE04EC0-301F-11D3-BF4B-00C04F79EFBC}") = "Modelo", "..\Modelo\Modelo.csproj", "{A3E880C1-6268-421A-876B-1883AF61A0D2}"
EndProject
Global
	GlobalSection(SolutionConfigurationPlatforms) = preSolution
		Debug|Any CPU = Debug|Any CPU
		Release|Any CPU = Release|Any CPU
	EndGlobalSection
	GlobalSection(ProjectConfigurationPlatforms) = postSolution
		{80BBD0C2-08E5-4299-8569-3E89EA032676}.Debug|Any CPU.ActiveCfg = Debug|Any CPU
		{80BBD0C2-08E5-4299-8569-3E89EA032676}.Debug|Any CPU.Build.0 = Debug|Any CPU
		{80BBD0C2-08E5-4299-8569-3E89EA032676}.Release|Any CPU.ActiveCfg = Release|Any CPU
		{80BBD0C2-08E5-4299-8569-3E89EA032676}.Release|Any CPU.Build.0 = Release|Any CPU
		{E25BA8B3-0584-4A15-81BC-6738B14F9323}.Debug|Any CPU.ActiveCfg = Debug|Any CPU
		{E25BA8B3-0584-4A15-81BC-6738B14F9323}.Debug|Any CPU.Build.0 = Debug|Any CPU
		{E25BA8B3-0584-4A15-81BC-6738B14F9323}.Release|Any CPU.ActiveCfg = Release|Any CPU
		{E25BA8B3-0584-4A15-81BC-6738B14F9323}.Release|Any CPU.Build.0 = Release|Any CPU
		{A3E880C1-6268-421A-876B-1883AF61A0D2}.Debug|Any CPU.ActiveCfg = Debug|Any CPU
		{A3E880C1-6268-421A-876B-1883AF61A0D2}.Debug|Any CPU.Build.0 = Debug|Any CPU
		{A3E880C1-6268-421A-876B-1883AF61A0D2}.Release|Any CPU.ActiveCfg = Release|Any CPU
		{A3E880C1-6268-421A-876B-1883AF61A0D2}.Release|Any CPU.Build.0 = Release|Any CPU
	EndGlobalSection
	GlobalSection(SolutionProperties) = preSolution
		HideSolutionNode = FALSE
	EndGlobalSection
	GlobalSection(ExtensibilityGlobals) = postSolution
		SolutionGuid = {92E37394-96E0-4347-B681-10D08B6F8BF7}
	EndGlobalSection
EndGlobal
