
Microsoft Visual Studio Solution File, Format Version 12.00
# Visual Studio Version 17
VisualStudioVersion = 17.7.34202.233
MinimumVisualStudioVersion = 10.0.40219.1
Project("{FAE04EC0-301F-11D3-BF4B-00C04F79EFBC}") = "PruebaHotel", "PruebaHotel.csproj", "{93B38D00-E3C1-4643-B129-9830A3A9E3BC}"
EndProject
Global
	GlobalSection(SolutionConfigurationPlatforms) = preSolution
		Debug|Any CPU = Debug|Any CPU
		Release|Any CPU = Release|Any CPU
	EndGlobalSection
	GlobalSection(ProjectConfigurationPlatforms) = postSolution
		{93B38D00-E3C1-4643-B129-9830A3A9E3BC}.Debug|Any CPU.ActiveCfg = Debug|Any CPU
		{93B38D00-E3C1-4643-B129-9830A3A9E3BC}.Debug|Any CPU.Build.0 = Debug|Any CPU
		{93B38D00-E3C1-4643-B129-9830A3A9E3BC}.Release|Any CPU.ActiveCfg = Release|Any CPU
		{93B38D00-E3C1-4643-B129-9830A3A9E3BC}.Release|Any CPU.Build.0 = Release|Any CPU
	EndGlobalSection
	GlobalSection(SolutionProperties) = preSolution
		HideSolutionNode = FALSE
	EndGlobalSection
	GlobalSection(ExtensibilityGlobals) = postSolution
		SolutionGuid = {7E9B7413-03C6-4AA6-A2DE-4800A1968951}
	EndGlobalSection
EndGlobal
