
Microsoft Visual Studio Solution File, Format Version 12.00
# Visual Studio Version 17
VisualStudioVersion = 17.7.34031.279
MinimumVisualStudioVersion = 10.0.40219.1
Project("{9A19103F-16F7-4668-BE54-9A1E7A4F7556}") = "UOC_Conexion_ERP_XML", "UOC_Conexion_ERP_XML.csproj", "{2E745191-2C50-4864-AFBC-B79893AE0E05}"
EndProject
Global
	GlobalSection(SolutionConfigurationPlatforms) = preSolution
		Debug|Any CPU = Debug|Any CPU
		Release|Any CPU = Release|Any CPU
	EndGlobalSection
	GlobalSection(ProjectConfigurationPlatforms) = postSolution
		{2E745191-2C50-4864-AFBC-B79893AE0E05}.Debug|Any CPU.ActiveCfg = Debug|Any CPU
		{2E745191-2C50-4864-AFBC-B79893AE0E05}.Debug|Any CPU.Build.0 = Debug|Any CPU
		{2E745191-2C50-4864-AFBC-B79893AE0E05}.Release|Any CPU.ActiveCfg = Release|Any CPU
		{2E745191-2C50-4864-AFBC-B79893AE0E05}.Release|Any CPU.Build.0 = Release|Any CPU
	EndGlobalSection
	GlobalSection(SolutionProperties) = preSolution
		HideSolutionNode = FALSE
	EndGlobalSection
	GlobalSection(ExtensibilityGlobals) = postSolution
		SolutionGuid = {1FD0D1C8-ED89-4DE3-8272-88DF96512C87}
	EndGlobalSection
EndGlobal
