
Microsoft Visual Studio Solution File, Format Version 12.00
# Visual Studio Version 17
VisualStudioVersion = 17.7.34202.233
MinimumVisualStudioVersion = 10.0.40219.1
Project("{FAE04EC0-301F-11D3-BF4B-00C04F79EFBC}") = "HotelSol_03", "HotelSol_03.csproj", "{2B2DD478-D09C-4FB1-A1CA-C1BF6B381E31}"
EndProject
Project("{FAE04EC0-301F-11D3-BF4B-00C04F79EFBC}") = "Controladores", "..\Controladores\Controladores.csproj", "{1AFB08F7-A3AC-4010-B874-2B6B3A1655A2}"
EndProject
Project("{FAE04EC0-301F-11D3-BF4B-00C04F79EFBC}") = "Modelos", "..\Modelos\Modelos.csproj", "{C2FAEFB6-D69B-4AD9-977E-C17FD42DA2C5}"
EndProject
Global
	GlobalSection(SolutionConfigurationPlatforms) = preSolution
		Debug|Any CPU = Debug|Any CPU
		Release|Any CPU = Release|Any CPU
	EndGlobalSection
	GlobalSection(ProjectConfigurationPlatforms) = postSolution
		{2B2DD478-D09C-4FB1-A1CA-C1BF6B381E31}.Debug|Any CPU.ActiveCfg = Debug|Any CPU
		{2B2DD478-D09C-4FB1-A1CA-C1BF6B381E31}.Debug|Any CPU.Build.0 = Debug|Any CPU
		{2B2DD478-D09C-4FB1-A1CA-C1BF6B381E31}.Release|Any CPU.ActiveCfg = Release|Any CPU
		{2B2DD478-D09C-4FB1-A1CA-C1BF6B381E31}.Release|Any CPU.Build.0 = Release|Any CPU
		{1AFB08F7-A3AC-4010-B874-2B6B3A1655A2}.Debug|Any CPU.ActiveCfg = Debug|Any CPU
		{1AFB08F7-A3AC-4010-B874-2B6B3A1655A2}.Debug|Any CPU.Build.0 = Debug|Any CPU
		{1AFB08F7-A3AC-4010-B874-2B6B3A1655A2}.Release|Any CPU.ActiveCfg = Release|Any CPU
		{1AFB08F7-A3AC-4010-B874-2B6B3A1655A2}.Release|Any CPU.Build.0 = Release|Any CPU
		{C2FAEFB6-D69B-4AD9-977E-C17FD42DA2C5}.Debug|Any CPU.ActiveCfg = Debug|Any CPU
		{C2FAEFB6-D69B-4AD9-977E-C17FD42DA2C5}.Debug|Any CPU.Build.0 = Debug|Any CPU
		{C2FAEFB6-D69B-4AD9-977E-C17FD42DA2C5}.Release|Any CPU.ActiveCfg = Release|Any CPU
		{C2FAEFB6-D69B-4AD9-977E-C17FD42DA2C5}.Release|Any CPU.Build.0 = Release|Any CPU
	EndGlobalSection
	GlobalSection(SolutionProperties) = preSolution
		HideSolutionNode = FALSE
	EndGlobalSection
	GlobalSection(ExtensibilityGlobals) = postSolution
		SolutionGuid = {1E256824-D346-424F-AE55-BC1C0E73AD83}
	EndGlobalSection
EndGlobal
